
Microsoft Visual Studio Solution File, Format Version 12.00
# Visual Studio Version 17
VisualStudioVersion = 17.4.33110.190
MinimumVisualStudioVersion = 10.0.40219.1
Project("{FAE04EC0-301F-11D3-BF4B-00C04F79EFBC}") = "GrotaBezsennosci", "GrotaBezsennosci\GrotaBezsennosci.csproj", "{316B64B8-EB64-400F-8F12-4FBC551433AA}"
EndProject
Global
	GlobalSection(SolutionConfigurationPlatforms) = preSolution
		Debug|Any CPU = Debug|Any CPU
		Release|Any CPU = Release|Any CPU
	EndGlobalSection
	GlobalSection(ProjectConfigurationPlatforms) = postSolution
		{316B64B8-EB64-400F-8F12-4FBC551433AA}.Debug|Any CPU.ActiveCfg = Debug|Any CPU
		{316B64B8-EB64-400F-8F12-4FBC551433AA}.Debug|Any CPU.Build.0 = Debug|Any CPU
		{316B64B8-EB64-400F-8F12-4FBC551433AA}.Release|Any CPU.ActiveCfg = Release|Any CPU
		{316B64B8-EB64-400F-8F12-4FBC551433AA}.Release|Any CPU.Build.0 = Release|Any CPU
	EndGlobalSection
	GlobalSection(SolutionProperties) = preSolution
		HideSolutionNode = FALSE
	EndGlobalSection
	GlobalSection(ExtensibilityGlobals) = postSolution
		SolutionGuid = {2037458C-7131-4E53-949E-1F01A98E2050}
	EndGlobalSection
EndGlobal
